
Microsoft Visual Studio Solution File, Format Version 12.00
# Visual Studio Version 17
VisualStudioVersion = 17.13.35806.99 d17.13
MinimumVisualStudioVersion = 10.0.40219.1
Project("{FAE04EC0-301F-11D3-BF4B-00C04F79EFBC}") = "Lab_7", "Lab_7.csproj", "{E0E2DB62-BE3E-46E0-9DCD-1C5E72310567}"
EndProject
Global
	GlobalSection(SolutionConfigurationPlatforms) = preSolution
		Debug|Any CPU = Debug|Any CPU
		Release|Any CPU = Release|Any CPU
	EndGlobalSection
	GlobalSection(ProjectConfigurationPlatforms) = postSolution
		{E0E2DB62-BE3E-46E0-9DCD-1C5E72310567}.Debug|Any CPU.ActiveCfg = Debug|Any CPU
		{E0E2DB62-BE3E-46E0-9DCD-1C5E72310567}.Debug|Any CPU.Build.0 = Debug|Any CPU
		{E0E2DB62-BE3E-46E0-9DCD-1C5E72310567}.Release|Any CPU.ActiveCfg = Release|Any CPU
		{E0E2DB62-BE3E-46E0-9DCD-1C5E72310567}.Release|Any CPU.Build.0 = Release|Any CPU
	EndGlobalSection
	GlobalSection(SolutionProperties) = preSolution
		HideSolutionNode = FALSE
	EndGlobalSection
	GlobalSection(ExtensibilityGlobals) = postSolution
		SolutionGuid = {1C2FDEF6-E3C0-4B20-95EC-7249607A554F}
	EndGlobalSection
EndGlobal
